{
	"name": "古奇威士忌",
	"version": "0.01",
	"lockfileVersion": 3,
	"requires": true,
	"packages": {
		"": {
			"name": "古奇威士忌",
			"version": "0.01",
			"dependencies": {
				"vconsole": "^3.15.1",
				"vue-i18n": "^11.1.1"
			}
		},
		"node_modules/@babel/helper-string-parser": {
			"version": "7.25.9",
			"resolved": "https://registry.npmmirror.com/@babel/helper-string-parser/-/helper-string-parser-7.25.9.tgz",
			"integrity": "sha512-4A/SCr/2KLd5jrtOMFzaKjVtAei3+2r/NChoBNoZ3EyP/+GlhoaEGoWOZUmFmoITP7zOJyHIMm+DYRd8o3PvHA==",
			"license": "MIT",
			"peer": true,
			"engines": {
				"node": ">=6.9.0"
			}
		},
		"node_modules/@babel/helper-validator-identifier": {
			"version": "7.25.9",
			"resolved": "https://registry.npmmirror.com/@babel/helper-validator-identifier/-/helper-validator-identifier-7.25.9.tgz",
			"integrity": "sha512-Ed61U6XJc3CVRfkERJWDz4dJwKe7iLmmJsbOGu9wSloNSFttHV0I8g6UAgb7qnK5ly5bGLPd4oXZlxCdANBOWQ==",
			"license": "MIT",
			"peer": true,
			"engines": {
				"node": ">=6.9.0"
			}
		},
		"node_modules/@babel/parser": {
			"version": "7.26.9",
			"resolved": "https://registry.npmmirror.com/@babel/parser/-/parser-7.26.9.tgz",
			"integrity": "sha512-81NWa1njQblgZbQHxWHpxxCzNsa3ZwvFqpUg7P+NNUU6f3UU2jBEg4OlF/J6rl8+PQGh1q6/zWScd001YwcA5A==",
			"license": "MIT",
			"peer": true,
			"dependencies": {
				"@babel/types": "^7.26.9"
			},
			"bin": {
				"parser": "bin/babel-parser.js"
			},
			"engines": {
				"node": ">=6.0.0"
			}
		},
		"node_modules/@babel/runtime": {
			"version": "7.26.0",
			"resolved": "https://registry.npmmirror.com/@babel/runtime/-/runtime-7.26.0.tgz",
			"integrity": "sha512-FDSOghenHTiToteC/QRlv2q3DhPZ/oOXTBoirfWNx1Cx3TMVcGWQtMMmQcSvb/JjpNeGzx8Pq/b4fKEJuWm1sw==",
			"dependencies": {
				"regenerator-runtime": "^0.14.0"
			},
			"engines": {
				"node": ">=6.9.0"
			}
		},
		"node_modules/@babel/types": {
			"version": "7.26.9",
			"resolved": "https://registry.npmmirror.com/@babel/types/-/types-7.26.9.tgz",
			"integrity": "sha512-Y3IR1cRnOxOCDvMmNiym7XpXQ93iGDDPHx+Zj+NM+rg0fBaShfQLkg+hKPaZCEvg5N/LeCo4+Rj/i3FuJsIQaw==",
			"license": "MIT",
			"peer": true,
			"dependencies": {
				"@babel/helper-string-parser": "^7.25.9",
				"@babel/helper-validator-identifier": "^7.25.9"
			},
			"engines": {
				"node": ">=6.9.0"
			}
		},
		"node_modules/@intlify/core-base": {
			"version": "11.1.1",
			"resolved": "https://registry.npmmirror.com/@intlify/core-base/-/core-base-11.1.1.tgz",
			"integrity": "sha512-bb8gZvoeKExCI2r/NVCK9E4YyOkvYGaSCPxVZe8T0jz8aX+dHEOZWxK06Z/Y9mWRkJfBiCH4aOhDF1yr1t5J8Q==",
			"license": "MIT",
			"dependencies": {
				"@intlify/message-compiler": "11.1.1",
				"@intlify/shared": "11.1.1"
			},
			"engines": {
				"node": ">= 16"
			},
			"funding": {
				"url": "https://github.com/sponsors/kazupon"
			}
		},
		"node_modules/@intlify/message-compiler": {
			"version": "11.1.1",
			"resolved": "https://registry.npmmirror.com/@intlify/message-compiler/-/message-compiler-11.1.1.tgz",
			"integrity": "sha512-4iEsUZ3aF7jXY19CJFN5VP+pPyLITD9FVsjB13z9TU1UxaZLlFsmNhvRxlPDSOfHAP5RpNF2QKKdZ3DHVf4Yzw==",
			"license": "MIT",
			"dependencies": {
				"@intlify/shared": "11.1.1",
				"source-map-js": "^1.0.2"
			},
			"engines": {
				"node": ">= 16"
			},
			"funding": {
				"url": "https://github.com/sponsors/kazupon"
			}
		},
		"node_modules/@intlify/shared": {
			"version": "11.1.1",
			"resolved": "https://registry.npmmirror.com/@intlify/shared/-/shared-11.1.1.tgz",
			"integrity": "sha512-2kGiWoXaeV8HZlhU/Nml12oTbhv7j2ufsJ5vQaa0VTjzUmZVdd/nmKFRAOJ/FtjO90Qba5AnZDwsrY7ZND5udA==",
			"license": "MIT",
			"engines": {
				"node": ">= 16"
			},
			"funding": {
				"url": "https://github.com/sponsors/kazupon"
			}
		},
		"node_modules/@jridgewell/sourcemap-codec": {
			"version": "1.5.0",
			"resolved": "https://registry.npmmirror.com/@jridgewell/sourcemap-codec/-/sourcemap-codec-1.5.0.tgz",
			"integrity": "sha512-gv3ZRaISU3fjPAgNsriBRqGWQL6quFx04YMPW/zD8XMLsU32mhCCbfbO6KZFLjvYpCZ8zyDEgqsgf+PwPaM7GQ==",
			"license": "MIT",
			"peer": true
		},
		"node_modules/@vue/compiler-core": {
			"version": "3.5.13",
			"resolved": "https://registry.npmmirror.com/@vue/compiler-core/-/compiler-core-3.5.13.tgz",
			"integrity": "sha512-oOdAkwqUfW1WqpwSYJce06wvt6HljgY3fGeM9NcVA1HaYOij3mZG9Rkysn0OHuyUAGMbEbARIpsG+LPVlBJ5/Q==",
			"license": "MIT",
			"peer": true,
			"dependencies": {
				"@babel/parser": "^7.25.3",
				"@vue/shared": "3.5.13",
				"entities": "^4.5.0",
				"estree-walker": "^2.0.2",
				"source-map-js": "^1.2.0"
			}
		},
		"node_modules/@vue/compiler-dom": {
			"version": "3.5.13",
			"resolved": "https://registry.npmmirror.com/@vue/compiler-dom/-/compiler-dom-3.5.13.tgz",
			"integrity": "sha512-ZOJ46sMOKUjO3e94wPdCzQ6P1Lx/vhp2RSvfaab88Ajexs0AHeV0uasYhi99WPaogmBlRHNRuly8xV75cNTMDA==",
			"license": "MIT",
			"peer": true,
			"dependencies": {
				"@vue/compiler-core": "3.5.13",
				"@vue/shared": "3.5.13"
			}
		},
		"node_modules/@vue/compiler-sfc": {
			"version": "3.5.13",
			"resolved": "https://registry.npmmirror.com/@vue/compiler-sfc/-/compiler-sfc-3.5.13.tgz",
			"integrity": "sha512-6VdaljMpD82w6c2749Zhf5T9u5uLBWKnVue6XWxprDobftnletJ8+oel7sexFfM3qIxNmVE7LSFGTpv6obNyaQ==",
			"license": "MIT",
			"peer": true,
			"dependencies": {
				"@babel/parser": "^7.25.3",
				"@vue/compiler-core": "3.5.13",
				"@vue/compiler-dom": "3.5.13",
				"@vue/compiler-ssr": "3.5.13",
				"@vue/shared": "3.5.13",
				"estree-walker": "^2.0.2",
				"magic-string": "^0.30.11",
				"postcss": "^8.4.48",
				"source-map-js": "^1.2.0"
			}
		},
		"node_modules/@vue/compiler-ssr": {
			"version": "3.5.13",
			"resolved": "https://registry.npmmirror.com/@vue/compiler-ssr/-/compiler-ssr-3.5.13.tgz",
			"integrity": "sha512-wMH6vrYHxQl/IybKJagqbquvxpWCuVYpoUJfCqFZwa/JY1GdATAQ+TgVtgrwwMZ0D07QhA99rs/EAAWfvG6KpA==",
			"license": "MIT",
			"peer": true,
			"dependencies": {
				"@vue/compiler-dom": "3.5.13",
				"@vue/shared": "3.5.13"
			}
		},
		"node_modules/@vue/devtools-api": {
			"version": "6.6.4",
			"resolved": "https://registry.npmmirror.com/@vue/devtools-api/-/devtools-api-6.6.4.tgz",
			"integrity": "sha512-sGhTPMuXqZ1rVOk32RylztWkfXTRhuS7vgAKv0zjqk8gbsHkJ7xfFf+jbySxt7tWObEJwyKaHMikV/WGDiQm8g==",
			"license": "MIT"
		},
		"node_modules/@vue/reactivity": {
			"version": "3.5.13",
			"resolved": "https://registry.npmmirror.com/@vue/reactivity/-/reactivity-3.5.13.tgz",
			"integrity": "sha512-NaCwtw8o48B9I6L1zl2p41OHo/2Z4wqYGGIK1Khu5T7yxrn+ATOixn/Udn2m+6kZKB/J7cuT9DbWWhRxqixACg==",
			"license": "MIT",
			"peer": true,
			"dependencies": {
				"@vue/shared": "3.5.13"
			}
		},
		"node_modules/@vue/runtime-core": {
			"version": "3.5.13",
			"resolved": "https://registry.npmmirror.com/@vue/runtime-core/-/runtime-core-3.5.13.tgz",
			"integrity": "sha512-Fj4YRQ3Az0WTZw1sFe+QDb0aXCerigEpw418pw1HBUKFtnQHWzwojaukAs2X/c9DQz4MQ4bsXTGlcpGxU/RCIw==",
			"license": "MIT",
			"peer": true,
			"dependencies": {
				"@vue/reactivity": "3.5.13",
				"@vue/shared": "3.5.13"
			}
		},
		"node_modules/@vue/runtime-dom": {
			"version": "3.5.13",
			"resolved": "https://registry.npmmirror.com/@vue/runtime-dom/-/runtime-dom-3.5.13.tgz",
			"integrity": "sha512-dLaj94s93NYLqjLiyFzVs9X6dWhTdAlEAciC3Moq7gzAc13VJUdCnjjRurNM6uTLFATRHexHCTu/Xp3eW6yoog==",
			"license": "MIT",
			"peer": true,
			"dependencies": {
				"@vue/reactivity": "3.5.13",
				"@vue/runtime-core": "3.5.13",
				"@vue/shared": "3.5.13",
				"csstype": "^3.1.3"
			}
		},
		"node_modules/@vue/server-renderer": {
			"version": "3.5.13",
			"resolved": "https://registry.npmmirror.com/@vue/server-renderer/-/server-renderer-3.5.13.tgz",
			"integrity": "sha512-wAi4IRJV/2SAW3htkTlB+dHeRmpTiVIK1OGLWV1yeStVSebSQQOwGwIq0D3ZIoBj2C2qpgz5+vX9iEBkTdk5YA==",
			"license": "MIT",
			"peer": true,
			"dependencies": {
				"@vue/compiler-ssr": "3.5.13",
				"@vue/shared": "3.5.13"
			},
			"peerDependencies": {
				"vue": "3.5.13"
			}
		},
		"node_modules/@vue/shared": {
			"version": "3.5.13",
			"resolved": "https://registry.npmmirror.com/@vue/shared/-/shared-3.5.13.tgz",
			"integrity": "sha512-/hnE/qP5ZoGpol0a5mDi45bOd7t3tjYJBjsgCsivow7D48cJeV5l05RD82lPqi7gRiphZM37rnhW1l6ZoCNNnQ==",
			"license": "MIT",
			"peer": true
		},
		"node_modules/copy-text-to-clipboard": {
			"version": "3.2.0",
			"resolved": "https://registry.npmmirror.com/copy-text-to-clipboard/-/copy-text-to-clipboard-3.2.0.tgz",
			"integrity": "sha512-RnJFp1XR/LOBDckxTib5Qjr/PMfkatD0MUCQgdpqS8MdKiNUzBjAQBEN6oUy+jW7LI93BBG3DtMB2KOOKpGs2Q==",
			"engines": {
				"node": ">=12"
			},
			"funding": {
				"url": "https://github.com/sponsors/sindresorhus"
			}
		},
		"node_modules/core-js": {
			"version": "3.39.0",
			"resolved": "https://registry.npmmirror.com/core-js/-/core-js-3.39.0.tgz",
			"integrity": "sha512-raM0ew0/jJUqkJ0E6e8UDtl+y/7ktFivgWvqw8dNSQeNWoSDLvQ1H/RN3aPXB9tBd4/FhyR4RDPGhsNIMsAn7g==",
			"hasInstallScript": true,
			"funding": {
				"type": "opencollective",
				"url": "https://opencollective.com/core-js"
			}
		},
		"node_modules/csstype": {
			"version": "3.1.3",
			"resolved": "https://registry.npmmirror.com/csstype/-/csstype-3.1.3.tgz",
			"integrity": "sha512-M1uQkMl8rQK/szD0LNhtqxIPLpimGm8sOBwU7lLnCpSbTyY3yeU1Vc7l4KT5zT4s/yOxHH5O7tIuuLOCnLADRw==",
			"license": "MIT",
			"peer": true
		},
		"node_modules/entities": {
			"version": "4.5.0",
			"resolved": "https://registry.npmmirror.com/entities/-/entities-4.5.0.tgz",
			"integrity": "sha512-V0hjH4dGPh9Ao5p0MoRY6BVqtwCjhz6vI5LT8AJ55H+4g9/4vbHx1I54fS0XuclLhDHArPQCiMjDxjaL8fPxhw==",
			"license": "BSD-2-Clause",
			"peer": true,
			"engines": {
				"node": ">=0.12"
			},
			"funding": {
				"url": "https://github.com/fb55/entities?sponsor=1"
			}
		},
		"node_modules/estree-walker": {
			"version": "2.0.2",
			"resolved": "https://registry.npmmirror.com/estree-walker/-/estree-walker-2.0.2.tgz",
			"integrity": "sha512-Rfkk/Mp/DL7JVje3u18FxFujQlTNR2q6QfMSMB7AvCBx91NGj/ba3kCfza0f6dVDbw7YlRf/nDrn7pQrCCyQ/w==",
			"license": "MIT",
			"peer": true
		},
		"node_modules/magic-string": {
			"version": "0.30.17",
			"resolved": "https://registry.npmmirror.com/magic-string/-/magic-string-0.30.17.tgz",
			"integrity": "sha512-sNPKHvyjVf7gyjwS4xGTaW/mCnF8wnjtifKBEhxfZ7E/S8tQ0rssrwGNn6q8JH/ohItJfSQp9mBtQYuTlH5QnA==",
			"license": "MIT",
			"peer": true,
			"dependencies": {
				"@jridgewell/sourcemap-codec": "^1.5.0"
			}
		},
		"node_modules/mutation-observer": {
			"version": "1.0.3",
			"resolved": "https://registry.npmmirror.com/mutation-observer/-/mutation-observer-1.0.3.tgz",
			"integrity": "sha512-M/O/4rF2h776hV7qGMZUH3utZLO/jK7p8rnNgGkjKUw8zCGjRQPxB8z6+5l8+VjRUQ3dNYu4vjqXYLr+U8ZVNA=="
		},
		"node_modules/nanoid": {
			"version": "3.3.8",
			"resolved": "https://registry.npmmirror.com/nanoid/-/nanoid-3.3.8.tgz",
			"integrity": "sha512-WNLf5Sd8oZxOm+TzppcYk8gVOgP+l58xNy58D0nbUnOxOWRWvlcCV4kUF7ltmI6PsrLl/BgKEyS4mqsGChFN0w==",
			"funding": [
				{
					"type": "github",
					"url": "https://github.com/sponsors/ai"
				}
			],
			"license": "MIT",
			"peer": true,
			"bin": {
				"nanoid": "bin/nanoid.cjs"
			},
			"engines": {
				"node": "^10 || ^12 || ^13.7 || ^14 || >=15.0.1"
			}
		},
		"node_modules/picocolors": {
			"version": "1.1.1",
			"resolved": "https://registry.npmmirror.com/picocolors/-/picocolors-1.1.1.tgz",
			"integrity": "sha512-xceH2snhtb5M9liqDsmEw56le376mTZkEX/jEb/RxNFyegNul7eNslCXP9FDj/Lcu0X8KEyMceP2ntpaHrDEVA==",
			"license": "ISC",
			"peer": true
		},
		"node_modules/postcss": {
			"version": "8.5.3",
			"resolved": "https://registry.npmmirror.com/postcss/-/postcss-8.5.3.tgz",
			"integrity": "sha512-dle9A3yYxlBSrt8Fu+IpjGT8SY8hN0mlaA6GY8t0P5PjIOZemULz/E2Bnm/2dcUOena75OTNkHI76uZBNUUq3A==",
			"funding": [
				{
					"type": "opencollective",
					"url": "https://opencollective.com/postcss/"
				},
				{
					"type": "tidelift",
					"url": "https://tidelift.com/funding/github/npm/postcss"
				},
				{
					"type": "github",
					"url": "https://github.com/sponsors/ai"
				}
			],
			"license": "MIT",
			"peer": true,
			"dependencies": {
				"nanoid": "^3.3.8",
				"picocolors": "^1.1.1",
				"source-map-js": "^1.2.1"
			},
			"engines": {
				"node": "^10 || ^12 || >=14"
			}
		},
		"node_modules/regenerator-runtime": {
			"version": "0.14.1",
			"resolved": "https://registry.npmmirror.com/regenerator-runtime/-/regenerator-runtime-0.14.1.tgz",
			"integrity": "sha512-dYnhHh0nJoMfnkZs6GmmhFknAGRrLznOu5nc9ML+EJxGvrx6H7teuevqVqCuPcPK//3eDrrjQhehXVx9cnkGdw=="
		},
		"node_modules/source-map-js": {
			"version": "1.2.1",
			"resolved": "https://registry.npmmirror.com/source-map-js/-/source-map-js-1.2.1.tgz",
			"integrity": "sha512-UXWMKhLOwVKb728IUtQPXxfYU+usdybtUrK/8uGE8CQMvrhOpwvzDBwj0QhSL7MQc7vIsISBG8VQ8+IDQxpfQA==",
			"license": "BSD-3-Clause",
			"engines": {
				"node": ">=0.10.0"
			}
		},
		"node_modules/vconsole": {
			"version": "3.15.1",
			"resolved": "https://registry.npmmirror.com/vconsole/-/vconsole-3.15.1.tgz",
			"integrity": "sha512-KH8XLdrq9T5YHJO/ixrjivHfmF2PC2CdVoK6RWZB4yftMykYIaXY1mxZYAic70vADM54kpMQF+dYmvl5NRNy1g==",
			"dependencies": {
				"@babel/runtime": "^7.17.2",
				"copy-text-to-clipboard": "^3.0.1",
				"core-js": "^3.11.0",
				"mutation-observer": "^1.0.3"
			}
		},
		"node_modules/vue": {
			"version": "3.5.13",
			"resolved": "https://registry.npmmirror.com/vue/-/vue-3.5.13.tgz",
			"integrity": "sha512-wmeiSMxkZCSc+PM2w2VRsOYAZC8GdipNFRTsLSfodVqI9mbejKeXEGr8SckuLnrQPGe3oJN5c3K0vpoU9q/wCQ==",
			"license": "MIT",
			"peer": true,
			"dependencies": {
				"@vue/compiler-dom": "3.5.13",
				"@vue/compiler-sfc": "3.5.13",
				"@vue/runtime-dom": "3.5.13",
				"@vue/server-renderer": "3.5.13",
				"@vue/shared": "3.5.13"
			},
			"peerDependencies": {
				"typescript": "*"
			},
			"peerDependenciesMeta": {
				"typescript": {
					"optional": true
				}
			}
		},
		"node_modules/vue-i18n": {
			"version": "11.1.1",
			"resolved": "https://registry.npmmirror.com/vue-i18n/-/vue-i18n-11.1.1.tgz",
			"integrity": "sha512-0P6DkKy96R4Wh2sIZJEHw8ivnlD1pnB6Ib/eldoF1SUpQutfKZv6aMqZwICS1gW0rwq24ZSXw7y3jW+PRVYqWA==",
			"license": "MIT",
			"dependencies": {
				"@intlify/core-base": "11.1.1",
				"@intlify/shared": "11.1.1",
				"@vue/devtools-api": "^6.5.0"
			},
			"engines": {
				"node": ">= 16"
			},
			"funding": {
				"url": "https://github.com/sponsors/kazupon"
			},
			"peerDependencies": {
				"vue": "^3.0.0"
			}
		}
	}
}
